// !$*UTF8*$!
{
	archiveVersion = 1;
	classes = {
	};
	objectVersion = 55;
	objects = {

/* Begin PBXBuildFile section */
		67456706283002A00090E9BB /* AlertToast in Frameworks */ = {isa = PBXBuildFile; productRef = 67456705283002A00090E9BB /* AlertToast */; };
		674567082830081D0090E9BB /* CustomExtension.swift in Sources */ = {isa = PBXBuildFile; fileRef = 674567072830081D0090E9BB /* CustomExtension.swift */; };
		6745670A283023740090E9BB /* CustomLocationManager.swift in Sources */ = {isa = PBXBuildFile; fileRef = 67456709283023740090E9BB /* CustomLocationManager.swift */; };
		6745670D28302A890090E9BB /* PermissionsSwiftUIBluetooth in Frameworks */ = {isa = PBXBuildFile; productRef = 6745670C28302A890090E9BB /* PermissionsSwiftUIBluetooth */; };
		6745670F28302A890090E9BB /* PermissionsSwiftUICalendar in Frameworks */ = {isa = PBXBuildFile; productRef = 6745670E28302A890090E9BB /* PermissionsSwiftUICalendar */; };
		6745671128302A890090E9BB /* PermissionsSwiftUICamera in Frameworks */ = {isa = PBXBuildFile; productRef = 6745671028302A890090E9BB /* PermissionsSwiftUICamera */; };
		6745671328302A890090E9BB /* PermissionsSwiftUIContacts in Frameworks */ = {isa = PBXBuildFile; productRef = 6745671228302A890090E9BB /* PermissionsSwiftUIContacts */; };
		6745671528302A890090E9BB /* PermissionsSwiftUIHealth in Frameworks */ = {isa = PBXBuildFile; productRef = 6745671428302A890090E9BB /* PermissionsSwiftUIHealth */; };
		6745671728302A890090E9BB /* PermissionsSwiftUILocation in Frameworks */ = {isa = PBXBuildFile; productRef = 6745671628302A890090E9BB /* PermissionsSwiftUILocation */; };
		6745671928302A890090E9BB /* PermissionsSwiftUILocationAlways in Frameworks */ = {isa = PBXBuildFile; productRef = 6745671828302A890090E9BB /* PermissionsSwiftUILocationAlways */; };
		6745671B28302A890090E9BB /* PermissionsSwiftUIMicrophone in Frameworks */ = {isa = PBXBuildFile; productRef = 6745671A28302A890090E9BB /* PermissionsSwiftUIMicrophone */; };
		6745671D28302A890090E9BB /* PermissionsSwiftUIMotion in Frameworks */ = {isa = PBXBuildFile; productRef = 6745671C28302A890090E9BB /* PermissionsSwiftUIMotion */; };
		6745671F28302A890090E9BB /* PermissionsSwiftUIMusic in Frameworks */ = {isa = PBXBuildFile; productRef = 6745671E28302A890090E9BB /* PermissionsSwiftUIMusic */; };
		6745672128302A890090E9BB /* PermissionsSwiftUINotification in Frameworks */ = {isa = PBXBuildFile; productRef = 6745672028302A890090E9BB /* PermissionsSwiftUINotification */; };
		6745672328302A890090E9BB /* PermissionsSwiftUIPhoto in Frameworks */ = {isa = PBXBuildFile; productRef = 6745672228302A890090E9BB /* PermissionsSwiftUIPhoto */; };
		6745672528302A890090E9BB /* PermissionsSwiftUIReminder in Frameworks */ = {isa = PBXBuildFile; productRef = 6745672428302A890090E9BB /* PermissionsSwiftUIReminder */; };
		6745672728302A890090E9BB /* PermissionsSwiftUISiri in Frameworks */ = {isa = PBXBuildFile; productRef = 6745672628302A890090E9BB /* PermissionsSwiftUISiri */; };
		6745672928302A890090E9BB /* PermissionsSwiftUISpeech in Frameworks */ = {isa = PBXBuildFile; productRef = 6745672828302A890090E9BB /* PermissionsSwiftUISpeech */; };
		6745672B28302A890090E9BB /* PermissionsSwiftUITracking in Frameworks */ = {isa = PBXBuildFile; productRef = 6745672A28302A890090E9BB /* PermissionsSwiftUITracking */; };
		6793A1CD282AE03400052D7C /* Alamofire in Frameworks */ = {isa = PBXBuildFile; productRef = 6793A1CC282AE03400052D7C /* Alamofire */; };
		6793A1D0282AE04300052D7C /* Kingfisher in Frameworks */ = {isa = PBXBuildFile; productRef = 6793A1CF282AE04300052D7C /* Kingfisher */; };
		67D7EB70281FE8F40047DF4E /* RegisterScreen.swift in Sources */ = {isa = PBXBuildFile; fileRef = 67D7EB6F281FE8F40047DF4E /* RegisterScreen.swift */; };
		67D7EB72281FF32A0047DF4E /* MainScreen.swift in Sources */ = {isa = PBXBuildFile; fileRef = 67D7EB71281FF32A0047DF4E /* MainScreen.swift */; };
		67DE8C30282AC98D00747D9D /* OrderScreen.swift in Sources */ = {isa = PBXBuildFile; fileRef = 67DE8C2F282AC98D00747D9D /* OrderScreen.swift */; };
		67DE8C34282AD1BF00747D9D /* PaymentScreen.swift in Sources */ = {isa = PBXBuildFile; fileRef = 67DE8C33282AD1BF00747D9D /* PaymentScreen.swift */; };
		67DE8C37282AD28800747D9D /* LoaderUI in Frameworks */ = {isa = PBXBuildFile; productRef = 67DE8C36282AD28800747D9D /* LoaderUI */; };
		67F8D20028241E1700286AF3 /* ItemScreen.swift in Sources */ = {isa = PBXBuildFile; fileRef = 67F8D1FF28241E1700286AF3 /* ItemScreen.swift */; };
		67F8D20228242E5300286AF3 /* Favourites.swift in Sources */ = {isa = PBXBuildFile; fileRef = 67F8D20128242E5300286AF3 /* Favourites.swift */; };
		67F8D204282434DF00286AF3 /* CabinetScreen.swift in Sources */ = {isa = PBXBuildFile; fileRef = 67F8D203282434DF00286AF3 /* CabinetScreen.swift */; };
		67F8D2062824365A00286AF3 /* Tickets.swift in Sources */ = {isa = PBXBuildFile; fileRef = 67F8D2052824365A00286AF3 /* Tickets.swift */; };
		67F8D2082824386400286AF3 /* MainViewModel.swift in Sources */ = {isa = PBXBuildFile; fileRef = 67F8D2072824386400286AF3 /* MainViewModel.swift */; };
		67F8D20B28243E8B00286AF3 /* Menu.swift in Sources */ = {isa = PBXBuildFile; fileRef = 67F8D20A28243E8B00286AF3 /* Menu.swift */; };
		67FA7A15281F0A7900B14192 /* LandmarklyApp.swift in Sources */ = {isa = PBXBuildFile; fileRef = 67FA7A14281F0A7900B14192 /* LandmarklyApp.swift */; };
		67FA7A17281F0A7900B14192 /* ContentView.swift in Sources */ = {isa = PBXBuildFile; fileRef = 67FA7A16281F0A7900B14192 /* ContentView.swift */; };
		67FA7A19281F0A7B00B14192 /* Assets.xcassets in Resources */ = {isa = PBXBuildFile; fileRef = 67FA7A18281F0A7B00B14192 /* Assets.xcassets */; };
		67FA7A1C281F0A7B00B14192 /* Preview Assets.xcassets in Resources */ = {isa = PBXBuildFile; fileRef = 67FA7A1B281F0A7B00B14192 /* Preview Assets.xcassets */; };
		67FA7A26281F19C800B14192 /* OnBoardingScreen.swift in Sources */ = {isa = PBXBuildFile; fileRef = 67FA7A25281F19C800B14192 /* OnBoardingScreen.swift */; };
		67FA7A28281F221D00B14192 /* OnBoardingScreenLogin.swift in Sources */ = {isa = PBXBuildFile; fileRef = 67FA7A27281F221D00B14192 /* OnBoardingScreenLogin.swift */; };
/* End PBXBuildFile section */

/* Begin PBXFileReference section */
		674567072830081D0090E9BB /* CustomExtension.swift */ = {isa = PBXFileReference; lastKnownFileType = sourcecode.swift; path = CustomExtension.swift; sourceTree = "<group>"; };
		67456709283023740090E9BB /* CustomLocationManager.swift */ = {isa = PBXFileReference; lastKnownFileType = sourcecode.swift; path = CustomLocationManager.swift; sourceTree = "<group>"; };
		6793A1CA282ADFF800052D7C /* Info.plist */ = {isa = PBXFileReference; lastKnownFileType = text.plist; path = Info.plist; sourceTree = "<group>"; };
		67D7EB6F281FE8F40047DF4E /* RegisterScreen.swift */ = {isa = PBXFileReference; lastKnownFileType = sourcecode.swift; path = RegisterScreen.swift; sourceTree = "<group>"; };
		67D7EB71281FF32A0047DF4E /* MainScreen.swift */ = {isa = PBXFileReference; lastKnownFileType = sourcecode.swift; path = MainScreen.swift; sourceTree = "<group>"; };
		67DE8C2F282AC98D00747D9D /* OrderScreen.swift */ = {isa = PBXFileReference; lastKnownFileType = sourcecode.swift; path = OrderScreen.swift; sourceTree = "<group>"; };
		67DE8C33282AD1BF00747D9D /* PaymentScreen.swift */ = {isa = PBXFileReference; lastKnownFileType = sourcecode.swift; path = PaymentScreen.swift; sourceTree = "<group>"; };
		67F8D1FF28241E1700286AF3 /* ItemScreen.swift */ = {isa = PBXFileReference; lastKnownFileType = sourcecode.swift; path = ItemScreen.swift; sourceTree = "<group>"; };
		67F8D20128242E5300286AF3 /* Favourites.swift */ = {isa = PBXFileReference; lastKnownFileType = sourcecode.swift; path = Favourites.swift; sourceTree = "<group>"; };
		67F8D203282434DF00286AF3 /* CabinetScreen.swift */ = {isa = PBXFileReference; lastKnownFileType = sourcecode.swift; path = CabinetScreen.swift; sourceTree = "<group>"; };
		67F8D2052824365A00286AF3 /* Tickets.swift */ = {isa = PBXFileReference; lastKnownFileType = sourcecode.swift; path = Tickets.swift; sourceTree = "<group>"; };
		67F8D2072824386400286AF3 /* MainViewModel.swift */ = {isa = PBXFileReference; lastKnownFileType = sourcecode.swift; path = MainViewModel.swift; sourceTree = "<group>"; };
		67F8D20A28243E8B00286AF3 /* Menu.swift */ = {isa = PBXFileReference; lastKnownFileType = sourcecode.swift; path = Menu.swift; sourceTree = "<group>"; };
		67FA7A11281F0A7900B14192 /* Landmarkly.app */ = {isa = PBXFileReference; explicitFileType = wrapper.application; includeInIndex = 0; path = Landmarkly.app; sourceTree = BUILT_PRODUCTS_DIR; };
		67FA7A14281F0A7900B14192 /* LandmarklyApp.swift */ = {isa = PBXFileReference; lastKnownFileType = sourcecode.swift; path = LandmarklyApp.swift; sourceTree = "<group>"; };
		67FA7A16281F0A7900B14192 /* ContentView.swift */ = {isa = PBXFileReference; lastKnownFileType = sourcecode.swift; path = ContentView.swift; sourceTree = "<group>"; };
		67FA7A18281F0A7B00B14192 /* Assets.xcassets */ = {isa = PBXFileReference; lastKnownFileType = folder.assetcatalog; path = Assets.xcassets; sourceTree = "<group>"; };
		67FA7A1B281F0A7B00B14192 /* Preview Assets.xcassets */ = {isa = PBXFileReference; lastKnownFileType = folder.assetcatalog; path = "Preview Assets.xcassets"; sourceTree = "<group>"; };
		67FA7A25281F19C800B14192 /* OnBoardingScreen.swift */ = {isa = PBXFileReference; lastKnownFileType = sourcecode.swift; path = OnBoardingScreen.swift; sourceTree = "<group>"; };
		67FA7A27281F221D00B14192 /* OnBoardingScreenLogin.swift */ = {isa = PBXFileReference; lastKnownFileType = sourcecode.swift; path = OnBoardingScreenLogin.swift; sourceTree = "<group>"; };
/* End PBXFileReference section */

/* Begin PBXFrameworksBuildPhase section */
		67FA7A0E281F0A7900B14192 /* Frameworks */ = {
			isa = PBXFrameworksBuildPhase;
			buildActionMask = 2147483647;
			files = (
				6745671728302A890090E9BB /* PermissionsSwiftUILocation in Frameworks */,
				6745671328302A890090E9BB /* PermissionsSwiftUIContacts in Frameworks */,
				6745671D28302A890090E9BB /* PermissionsSwiftUIMotion in Frameworks */,
				6745671928302A890090E9BB /* PermissionsSwiftUILocationAlways in Frameworks */,
				6793A1D0282AE04300052D7C /* Kingfisher in Frameworks */,
				6745672128302A890090E9BB /* PermissionsSwiftUINotification in Frameworks */,
				67456706283002A00090E9BB /* AlertToast in Frameworks */,
				6745671128302A890090E9BB /* PermissionsSwiftUICamera in Frameworks */,
				6745672328302A890090E9BB /* PermissionsSwiftUIPhoto in Frameworks */,
				67DE8C37282AD28800747D9D /* LoaderUI in Frameworks */,
				6745672928302A890090E9BB /* PermissionsSwiftUISpeech in Frameworks */,
				6745671B28302A890090E9BB /* PermissionsSwiftUIMicrophone in Frameworks */,
				6745672528302A890090E9BB /* PermissionsSwiftUIReminder in Frameworks */,
				6745670F28302A890090E9BB /* PermissionsSwiftUICalendar in Frameworks */,
				6745670D28302A890090E9BB /* PermissionsSwiftUIBluetooth in Frameworks */,
				6745671528302A890090E9BB /* PermissionsSwiftUIHealth in Frameworks */,
				6745672B28302A890090E9BB /* PermissionsSwiftUITracking in Frameworks */,
				6793A1CD282AE03400052D7C /* Alamofire in Frameworks */,
				6745672728302A890090E9BB /* PermissionsSwiftUISiri in Frameworks */,
				6745671F28302A890090E9BB /* PermissionsSwiftUIMusic in Frameworks */,
			);
			runOnlyForDeploymentPostprocessing = 0;
		};
/* End PBXFrameworksBuildPhase section */

/* Begin PBXGroup section */
		67F8D20928243E7E00286AF3 /* Subviews */ = {
			isa = PBXGroup;
			children = (
				67F8D20A28243E8B00286AF3 /* Menu.swift */,
			);
			path = Subviews;
			sourceTree = "<group>";
		};
		67FA7A08281F0A7900B14192 = {
			isa = PBXGroup;
			children = (
				67FA7A13281F0A7900B14192 /* Landmarkly */,
				67FA7A12281F0A7900B14192 /* Products */,
			);
			sourceTree = "<group>";
		};
		67FA7A12281F0A7900B14192 /* Products */ = {
			isa = PBXGroup;
			children = (
				67FA7A11281F0A7900B14192 /* Landmarkly.app */,
			);
			name = Products;
			sourceTree = "<group>";
		};
		67FA7A13281F0A7900B14192 /* Landmarkly */ = {
			isa = PBXGroup;
			children = (
				6793A1CA282ADFF800052D7C /* Info.plist */,
				67FA7A24281F19A000B14192 /* Model */,
				67FA7A23281F199A00B14192 /* ViewModel */,
				67FA7A22281F199500B14192 /* View */,
				67FA7A14281F0A7900B14192 /* LandmarklyApp.swift */,
				67FA7A16281F0A7900B14192 /* ContentView.swift */,
				67FA7A18281F0A7B00B14192 /* Assets.xcassets */,
				67FA7A1A281F0A7B00B14192 /* Preview Content */,
			);
			path = Landmarkly;
			sourceTree = "<group>";
		};
		67FA7A1A281F0A7B00B14192 /* Preview Content */ = {
			isa = PBXGroup;
			children = (
				67FA7A1B281F0A7B00B14192 /* Preview Assets.xcassets */,
			);
			path = "Preview Content";
			sourceTree = "<group>";
		};
		67FA7A22281F199500B14192 /* View */ = {
			isa = PBXGroup;
			children = (
				67F8D20928243E7E00286AF3 /* Subviews */,
				67FA7A25281F19C800B14192 /* OnBoardingScreen.swift */,
				67FA7A27281F221D00B14192 /* OnBoardingScreenLogin.swift */,
				67D7EB6F281FE8F40047DF4E /* RegisterScreen.swift */,
				67D7EB71281FF32A0047DF4E /* MainScreen.swift */,
				67F8D1FF28241E1700286AF3 /* ItemScreen.swift */,
				67F8D20128242E5300286AF3 /* Favourites.swift */,
				67F8D203282434DF00286AF3 /* CabinetScreen.swift */,
				67F8D2052824365A00286AF3 /* Tickets.swift */,
				67DE8C2F282AC98D00747D9D /* OrderScreen.swift */,
				67DE8C33282AD1BF00747D9D /* PaymentScreen.swift */,
			);
			path = View;
			sourceTree = "<group>";
		};
		67FA7A23281F199A00B14192 /* ViewModel */ = {
			isa = PBXGroup;
			children = (
				67F8D2072824386400286AF3 /* MainViewModel.swift */,
			);
			path = ViewModel;
			sourceTree = "<group>";
		};
		67FA7A24281F19A000B14192 /* Model */ = {
			isa = PBXGroup;
			children = (
				674567072830081D0090E9BB /* CustomExtension.swift */,
				67456709283023740090E9BB /* CustomLocationManager.swift */,
			);
			path = Model;
			sourceTree = "<group>";
		};
/* End PBXGroup section */

/* Begin PBXNativeTarget section */
		67FA7A10281F0A7900B14192 /* Landmarkly */ = {
			isa = PBXNativeTarget;
			buildConfigurationList = 67FA7A1F281F0A7B00B14192 /* Build configuration list for PBXNativeTarget "Landmarkly" */;
			buildPhases = (
				67FA7A0D281F0A7900B14192 /* Sources */,
				67FA7A0E281F0A7900B14192 /* Frameworks */,
				67FA7A0F281F0A7900B14192 /* Resources */,
			);
			buildRules = (
			);
			dependencies = (
			);
			name = Landmarkly;
			packageProductDependencies = (
				67DE8C36282AD28800747D9D /* LoaderUI */,
				6793A1CC282AE03400052D7C /* Alamofire */,
				6793A1CF282AE04300052D7C /* Kingfisher */,
				67456705283002A00090E9BB /* AlertToast */,
				6745670C28302A890090E9BB /* PermissionsSwiftUIBluetooth */,
				6745670E28302A890090E9BB /* PermissionsSwiftUICalendar */,
				6745671028302A890090E9BB /* PermissionsSwiftUICamera */,
				6745671228302A890090E9BB /* PermissionsSwiftUIContacts */,
				6745671428302A890090E9BB /* PermissionsSwiftUIHealth */,
				6745671628302A890090E9BB /* PermissionsSwiftUILocation */,
				6745671828302A890090E9BB /* PermissionsSwiftUILocationAlways */,
				6745671A28302A890090E9BB /* PermissionsSwiftUIMicrophone */,
				6745671C28302A890090E9BB /* PermissionsSwiftUIMotion */,
				6745671E28302A890090E9BB /* PermissionsSwiftUIMusic */,
				6745672028302A890090E9BB /* PermissionsSwiftUINotification */,
				6745672228302A890090E9BB /* PermissionsSwiftUIPhoto */,
				6745672428302A890090E9BB /* PermissionsSwiftUIReminder */,
				6745672628302A890090E9BB /* PermissionsSwiftUISiri */,
				6745672828302A890090E9BB /* PermissionsSwiftUISpeech */,
				6745672A28302A890090E9BB /* PermissionsSwiftUITracking */,
			);
			productName = Landmarkly;
			productReference = 67FA7A11281F0A7900B14192 /* Landmarkly.app */;
			productType = "com.apple.product-type.application";
		};
/* End PBXNativeTarget section */

/* Begin PBXProject section */
		67FA7A09281F0A7900B14192 /* Project object */ = {
			isa = PBXProject;
			attributes = {
				BuildIndependentTargetsInParallel = 1;
				LastSwiftUpdateCheck = 1330;
				LastUpgradeCheck = 1330;
				TargetAttributes = {
					67FA7A10281F0A7900B14192 = {
						CreatedOnToolsVersion = 13.3.1;
					};
				};
			};
			buildConfigurationList = 67FA7A0C281F0A7900B14192 /* Build configuration list for PBXProject "Landmarkly" */;
			compatibilityVersion = "Xcode 13.0";
			developmentRegion = en;
			hasScannedForEncodings = 0;
			knownRegions = (
				en,
				ru,
			);
			mainGroup = 67FA7A08281F0A7900B14192;
			packageReferences = (
				67DE8C35282AD28800747D9D /* XCRemoteSwiftPackageReference "LoaderUI" */,
				6793A1CB282AE03400052D7C /* XCRemoteSwiftPackageReference "Alamofire" */,
				6793A1CE282AE04300052D7C /* XCRemoteSwiftPackageReference "Kingfisher" */,
				67456704283002A00090E9BB /* XCRemoteSwiftPackageReference "AlertToast" */,
				6745670B28302A890090E9BB /* XCRemoteSwiftPackageReference "PermissionsSwiftUI" */,
			);
			productRefGroup = 67FA7A12281F0A7900B14192 /* Products */;
			projectDirPath = "";
			projectRoot = "";
			targets = (
				67FA7A10281F0A7900B14192 /* Landmarkly */,
			);
		};
/* End PBXProject section */

/* Begin PBXResourcesBuildPhase section */
		67FA7A0F281F0A7900B14192 /* Resources */ = {
			isa = PBXResourcesBuildPhase;
			buildActionMask = 2147483647;
			files = (
				67FA7A1C281F0A7B00B14192 /* Preview Assets.xcassets in Resources */,
				67FA7A19281F0A7B00B14192 /* Assets.xcassets in Resources */,
			);
			runOnlyForDeploymentPostprocessing = 0;
		};
/* End PBXResourcesBuildPhase section */

/* Begin PBXSourcesBuildPhase section */
		67FA7A0D281F0A7900B14192 /* Sources */ = {
			isa = PBXSourcesBuildPhase;
			buildActionMask = 2147483647;
			files = (
				67D7EB72281FF32A0047DF4E /* MainScreen.swift in Sources */,
				67F8D204282434DF00286AF3 /* CabinetScreen.swift in Sources */,
				67F8D20028241E1700286AF3 /* ItemScreen.swift in Sources */,
				67D7EB70281FE8F40047DF4E /* RegisterScreen.swift in Sources */,
				67F8D20228242E5300286AF3 /* Favourites.swift in Sources */,
				6745670A283023740090E9BB /* CustomLocationManager.swift in Sources */,
				67DE8C30282AC98D00747D9D /* OrderScreen.swift in Sources */,
				674567082830081D0090E9BB /* CustomExtension.swift in Sources */,
				67FA7A26281F19C800B14192 /* OnBoardingScreen.swift in Sources */,
				67F8D20B28243E8B00286AF3 /* Menu.swift in Sources */,
				67DE8C34282AD1BF00747D9D /* PaymentScreen.swift in Sources */,
				67FA7A17281F0A7900B14192 /* ContentView.swift in Sources */,
				67FA7A28281F221D00B14192 /* OnBoardingScreenLogin.swift in Sources */,
				67FA7A15281F0A7900B14192 /* LandmarklyApp.swift in Sources */,
				67F8D2062824365A00286AF3 /* Tickets.swift in Sources */,
				67F8D2082824386400286AF3 /* MainViewModel.swift in Sources */,
			);
			runOnlyForDeploymentPostprocessing = 0;
		};
/* End PBXSourcesBuildPhase section */

/* Begin XCBuildConfiguration section */
		67FA7A1D281F0A7B00B14192 /* Debug */ = {
			isa = XCBuildConfiguration;
			buildSettings = {
				ALWAYS_SEARCH_USER_PATHS = NO;
				CLANG_ANALYZER_NONNULL = YES;
				CLANG_ANALYZER_NUMBER_OBJECT_CONVERSION = YES_AGGRESSIVE;
				CLANG_CXX_LANGUAGE_STANDARD = "gnu++17";
				CLANG_ENABLE_MODULES = YES;
				CLANG_ENABLE_OBJC_ARC = YES;
				CLANG_ENABLE_OBJC_WEAK = YES;
				CLANG_WARN_BLOCK_CAPTURE_AUTORELEASING = YES;
				CLANG_WARN_BOOL_CONVERSION = YES;
				CLANG_WARN_COMMA = YES;
				CLANG_WARN_CONSTANT_CONVERSION = YES;
				CLANG_WARN_DEPRECATED_OBJC_IMPLEMENTATIONS = YES;
				CLANG_WARN_DIRECT_OBJC_ISA_USAGE = YES_ERROR;
				CLANG_WARN_DOCUMENTATION_COMMENTS = YES;
				CLANG_WARN_EMPTY_BODY = YES;
				CLANG_WARN_ENUM_CONVERSION = YES;
				CLANG_WARN_INFINITE_RECURSION = YES;
				CLANG_WARN_INT_CONVERSION = YES;
				CLANG_WARN_NON_LITERAL_NULL_CONVERSION = YES;
				CLANG_WARN_OBJC_IMPLICIT_RETAIN_SELF = YES;
				CLANG_WARN_OBJC_LITERAL_CONVERSION = YES;
				CLANG_WARN_OBJC_ROOT_CLASS = YES_ERROR;
				CLANG_WARN_QUOTED_INCLUDE_IN_FRAMEWORK_HEADER = YES;
				CLANG_WARN_RANGE_LOOP_ANALYSIS = YES;
				CLANG_WARN_STRICT_PROTOTYPES = YES;
				CLANG_WARN_SUSPICIOUS_MOVE = YES;
				CLANG_WARN_UNGUARDED_AVAILABILITY = YES_AGGRESSIVE;
				CLANG_WARN_UNREACHABLE_CODE = YES;
				CLANG_WARN__DUPLICATE_METHOD_MATCH = YES;
				COPY_PHASE_STRIP = NO;
				DEBUG_INFORMATION_FORMAT = dwarf;
				ENABLE_STRICT_OBJC_MSGSEND = YES;
				ENABLE_TESTABILITY = YES;
				GCC_C_LANGUAGE_STANDARD = gnu11;
				GCC_DYNAMIC_NO_PIC = NO;
				GCC_NO_COMMON_BLOCKS = YES;
				GCC_OPTIMIZATION_LEVEL = 0;
				GCC_PREPROCESSOR_DEFINITIONS = (
					"DEBUG=1",
					"$(inherited)",
				);
				GCC_WARN_64_TO_32_BIT_CONVERSION = YES;
				GCC_WARN_ABOUT_RETURN_TYPE = YES_ERROR;
				GCC_WARN_UNDECLARED_SELECTOR = YES;
				GCC_WARN_UNINITIALIZED_AUTOS = YES_AGGRESSIVE;
				GCC_WARN_UNUSED_FUNCTION = YES;
				GCC_WARN_UNUSED_VARIABLE = YES;
				IPHONEOS_DEPLOYMENT_TARGET = 15.0;
				MTL_ENABLE_DEBUG_INFO = INCLUDE_SOURCE;
				MTL_FAST_MATH = YES;
				ONLY_ACTIVE_ARCH = YES;
				SDKROOT = iphoneos;
				SWIFT_ACTIVE_COMPILATION_CONDITIONS = DEBUG;
				SWIFT_OPTIMIZATION_LEVEL = "-Onone";
			};
			name = Debug;
		};
		67FA7A1E281F0A7B00B14192 /* Release */ = {
			isa = XCBuildConfiguration;
			buildSettings = {
				ALWAYS_SEARCH_USER_PATHS = NO;
				CLANG_ANALYZER_NONNULL = YES;
				CLANG_ANALYZER_NUMBER_OBJECT_CONVERSION = YES_AGGRESSIVE;
				CLANG_CXX_LANGUAGE_STANDARD = "gnu++17";
				CLANG_ENABLE_MODULES = YES;
				CLANG_ENABLE_OBJC_ARC = YES;
				CLANG_ENABLE_OBJC_WEAK = YES;
				CLANG_WARN_BLOCK_CAPTURE_AUTORELEASING = YES;
				CLANG_WARN_BOOL_CONVERSION = YES;
				CLANG_WARN_COMMA = YES;
				CLANG_WARN_CONSTANT_CONVERSION = YES;
				CLANG_WARN_DEPRECATED_OBJC_IMPLEMENTATIONS = YES;
				CLANG_WARN_DIRECT_OBJC_ISA_USAGE = YES_ERROR;
				CLANG_WARN_DOCUMENTATION_COMMENTS = YES;
				CLANG_WARN_EMPTY_BODY = YES;
				CLANG_WARN_ENUM_CONVERSION = YES;
				CLANG_WARN_INFINITE_RECURSION = YES;
				CLANG_WARN_INT_CONVERSION = YES;
				CLANG_WARN_NON_LITERAL_NULL_CONVERSION = YES;
				CLANG_WARN_OBJC_IMPLICIT_RETAIN_SELF = YES;
				CLANG_WARN_OBJC_LITERAL_CONVERSION = YES;
				CLANG_WARN_OBJC_ROOT_CLASS = YES_ERROR;
				CLANG_WARN_QUOTED_INCLUDE_IN_FRAMEWORK_HEADER = YES;
				CLANG_WARN_RANGE_LOOP_ANALYSIS = YES;
				CLANG_WARN_STRICT_PROTOTYPES = YES;
				CLANG_WARN_SUSPICIOUS_MOVE = YES;
				CLANG_WARN_UNGUARDED_AVAILABILITY = YES_AGGRESSIVE;
				CLANG_WARN_UNREACHABLE_CODE = YES;
				CLANG_WARN__DUPLICATE_METHOD_MATCH = YES;
				COPY_PHASE_STRIP = NO;
				DEBUG_INFORMATION_FORMAT = "dwarf-with-dsym";
				ENABLE_NS_ASSERTIONS = NO;
				ENABLE_STRICT_OBJC_MSGSEND = YES;
				GCC_C_LANGUAGE_STANDARD = gnu11;
				GCC_NO_COMMON_BLOCKS = YES;
				GCC_WARN_64_TO_32_BIT_CONVERSION = YES;
				GCC_WARN_ABOUT_RETURN_TYPE = YES_ERROR;
				GCC_WARN_UNDECLARED_SELECTOR = YES;
				GCC_WARN_UNINITIALIZED_AUTOS = YES_AGGRESSIVE;
				GCC_WARN_UNUSED_FUNCTION = YES;
				GCC_WARN_UNUSED_VARIABLE = YES;
				IPHONEOS_DEPLOYMENT_TARGET = 15.0;
				MTL_ENABLE_DEBUG_INFO = NO;
				MTL_FAST_MATH = YES;
				SDKROOT = iphoneos;
				SWIFT_COMPILATION_MODE = wholemodule;
				SWIFT_OPTIMIZATION_LEVEL = "-O";
				VALIDATE_PRODUCT = YES;
			};
			name = Release;
		};
		67FA7A20281F0A7B00B14192 /* Debug */ = {
			isa = XCBuildConfiguration;
			buildSettings = {
				ASSETCATALOG_COMPILER_APPICON_NAME = AppIcon;
				ASSETCATALOG_COMPILER_GLOBAL_ACCENT_COLOR_NAME = AccentColor;
				CODE_SIGN_STYLE = Automatic;
				CURRENT_PROJECT_VERSION = 1;
				DEVELOPMENT_ASSET_PATHS = "\"Landmarkly/Preview Content\"";
				DEVELOPMENT_TEAM = XT98J42MX2;
				ENABLE_PREVIEWS = YES;
				GENERATE_INFOPLIST_FILE = YES;
				INFOPLIST_FILE = Landmarkly/Info.plist;
				INFOPLIST_KEY_NSLocationWhenInUseUsageDescription = "Ваша геопозиция необходима для постороения маршрутов до достопримечательностей";
				INFOPLIST_KEY_UIApplicationSceneManifest_Generation = YES;
				INFOPLIST_KEY_UIApplicationSupportsIndirectInputEvents = YES;
				INFOPLIST_KEY_UILaunchScreen_Generation = YES;
				INFOPLIST_KEY_UISupportedInterfaceOrientations_iPad = "UIInterfaceOrientationPortrait UIInterfaceOrientationPortraitUpsideDown UIInterfaceOrientationLandscapeLeft UIInterfaceOrientationLandscapeRight";
				INFOPLIST_KEY_UISupportedInterfaceOrientations_iPhone = "UIInterfaceOrientationPortrait UIInterfaceOrientationLandscapeLeft UIInterfaceOrientationLandscapeRight";
				LD_RUNPATH_SEARCH_PATHS = (
					"$(inherited)",
					"@executable_path/Frameworks",
				);
				MARKETING_VERSION = 1.0;
				PRODUCT_BUNDLE_IDENTIFIER = skinxcheg.Landmarkly;
				PRODUCT_NAME = "$(TARGET_NAME)";
				SWIFT_EMIT_LOC_STRINGS = YES;
				SWIFT_VERSION = 5.0;
				TARGETED_DEVICE_FAMILY = "1,2";
			};
			name = Debug;
		};
		67FA7A21281F0A7B00B14192 /* Release */ = {
			isa = XCBuildConfiguration;
			buildSettings = {
				ASSETCATALOG_COMPILER_APPICON_NAME = AppIcon;
				ASSETCATALOG_COMPILER_GLOBAL_ACCENT_COLOR_NAME = AccentColor;
				CODE_SIGN_STYLE = Automatic;
				CURRENT_PROJECT_VERSION = 1;
				DEVELOPMENT_ASSET_PATHS = "\"Landmarkly/Preview Content\"";
				DEVELOPMENT_TEAM = XT98J42MX2;
				ENABLE_PREVIEWS = YES;
				GENERATE_INFOPLIST_FILE = YES;
				INFOPLIST_FILE = Landmarkly/Info.plist;
				INFOPLIST_KEY_NSLocationWhenInUseUsageDescription = "Ваша геопозиция необходима для постороения маршрутов до достопримечательностей";
				INFOPLIST_KEY_UIApplicationSceneManifest_Generation = YES;
				INFOPLIST_KEY_UIApplicationSupportsIndirectInputEvents = YES;
				INFOPLIST_KEY_UILaunchScreen_Generation = YES;
				INFOPLIST_KEY_UISupportedInterfaceOrientations_iPad = "UIInterfaceOrientationPortrait UIInterfaceOrientationPortraitUpsideDown UIInterfaceOrientationLandscapeLeft UIInterfaceOrientationLandscapeRight";
				INFOPLIST_KEY_UISupportedInterfaceOrientations_iPhone = "UIInterfaceOrientationPortrait UIInterfaceOrientationLandscapeLeft UIInterfaceOrientationLandscapeRight";
				LD_RUNPATH_SEARCH_PATHS = (
					"$(inherited)",
					"@executable_path/Frameworks",
				);
				MARKETING_VERSION = 1.0;
				PRODUCT_BUNDLE_IDENTIFIER = skinxcheg.Landmarkly;
				PRODUCT_NAME = "$(TARGET_NAME)";
				SWIFT_EMIT_LOC_STRINGS = YES;
				SWIFT_VERSION = 5.0;
				TARGETED_DEVICE_FAMILY = "1,2";
			};
			name = Release;
		};
/* End XCBuildConfiguration section */

/* Begin XCConfigurationList section */
		67FA7A0C281F0A7900B14192 /* Build configuration list for PBXProject "Landmarkly" */ = {
			isa = XCConfigurationList;
			buildConfigurations = (
				67FA7A1D281F0A7B00B14192 /* Debug */,
				67FA7A1E281F0A7B00B14192 /* Release */,
			);
			defaultConfigurationIsVisible = 0;
			defaultConfigurationName = Release;
		};
		67FA7A1F281F0A7B00B14192 /* Build configuration list for PBXNativeTarget "Landmarkly" */ = {
			isa = XCConfigurationList;
			buildConfigurations = (
				67FA7A20281F0A7B00B14192 /* Debug */,
				67FA7A21281F0A7B00B14192 /* Release */,
			);
			defaultConfigurationIsVisible = 0;
			defaultConfigurationName = Release;
		};
/* End XCConfigurationList section */

/* Begin XCRemoteSwiftPackageReference section */
		67456704283002A00090E9BB /* XCRemoteSwiftPackageReference "AlertToast" */ = {
			isa = XCRemoteSwiftPackageReference;
			repositoryURL = "https://github.com/elai950/AlertToast.git";
			requirement = {
				kind = upToNextMajorVersion;
				minimumVersion = 1.0.0;
			};
		};
		6745670B28302A890090E9BB /* XCRemoteSwiftPackageReference "PermissionsSwiftUI" */ = {
			isa = XCRemoteSwiftPackageReference;
			repositoryURL = "https://github.com/jevonmao/PermissionsSwiftUI.git";
			requirement = {
				kind = upToNextMajorVersion;
				minimumVersion = 1.0.0;
			};
		};
		6793A1CB282AE03400052D7C /* XCRemoteSwiftPackageReference "Alamofire" */ = {
			isa = XCRemoteSwiftPackageReference;
			repositoryURL = "https://github.com/Alamofire/Alamofire.git";
			requirement = {
				kind = upToNextMajorVersion;
				minimumVersion = 5.0.0;
			};
		};
		6793A1CE282AE04300052D7C /* XCRemoteSwiftPackageReference "Kingfisher" */ = {
			isa = XCRemoteSwiftPackageReference;
			repositoryURL = "https://github.com/onevcat/Kingfisher.git";
			requirement = {
				kind = upToNextMajorVersion;
				minimumVersion = 7.0.0;
			};
		};
		67DE8C35282AD28800747D9D /* XCRemoteSwiftPackageReference "LoaderUI" */ = {
			isa = XCRemoteSwiftPackageReference;
			repositoryURL = "https://github.com/ninjaprox/LoaderUI.git";
			requirement = {
				kind = upToNextMajorVersion;
				minimumVersion = 0.1.0;
			};
		};
/* End XCRemoteSwiftPackageReference section */

/* Begin XCSwiftPackageProductDependency section */
		67456705283002A00090E9BB /* AlertToast */ = {
			isa = XCSwiftPackageProductDependency;
			package = 67456704283002A00090E9BB /* XCRemoteSwiftPackageReference "AlertToast" */;
			productName = AlertToast;
		};
		6745670C28302A890090E9BB /* PermissionsSwiftUIBluetooth */ = {
			isa = XCSwiftPackageProductDependency;
			package = 6745670B28302A890090E9BB /* XCRemoteSwiftPackageReference "PermissionsSwiftUI" */;
			productName = PermissionsSwiftUIBluetooth;
		};
		6745670E28302A890090E9BB /* PermissionsSwiftUICalendar */ = {
			isa = XCSwiftPackageProductDependency;
			package = 6745670B28302A890090E9BB /* XCRemoteSwiftPackageReference "PermissionsSwiftUI" */;
			productName = PermissionsSwiftUICalendar;
		};
		6745671028302A890090E9BB /* PermissionsSwiftUICamera */ = {
			isa = XCSwiftPackageProductDependency;
			package = 6745670B28302A890090E9BB /* XCRemoteSwiftPackageReference "PermissionsSwiftUI" */;
			productName = PermissionsSwiftUICamera;
		};
		6745671228302A890090E9BB /* PermissionsSwiftUIContacts */ = {
			isa = XCSwiftPackageProductDependency;
			package = 6745670B28302A890090E9BB /* XCRemoteSwiftPackageReference "PermissionsSwiftUI" */;
			productName = PermissionsSwiftUIContacts;
		};
		6745671428302A890090E9BB /* PermissionsSwiftUIHealth */ = {
			isa = XCSwiftPackageProductDependency;
			package = 6745670B28302A890090E9BB /* XCRemoteSwiftPackageReference "PermissionsSwiftUI" */;
			productName = PermissionsSwiftUIHealth;
		};
		6745671628302A890090E9BB /* PermissionsSwiftUILocation */ = {
			isa = XCSwiftPackageProductDependency;
			package = 6745670B28302A890090E9BB /* XCRemoteSwiftPackageReference "PermissionsSwiftUI" */;
			productName = PermissionsSwiftUILocation;
		};
		6745671828302A890090E9BB /* PermissionsSwiftUILocationAlways */ = {
			isa = XCSwiftPackageProductDependency;
			package = 6745670B28302A890090E9BB /* XCRemoteSwiftPackageReference "PermissionsSwiftUI" */;
			productName = PermissionsSwiftUILocationAlways;
		};
		6745671A28302A890090E9BB /* PermissionsSwiftUIMicrophone */ = {
			isa = XCSwiftPackageProductDependency;
			package = 6745670B28302A890090E9BB /* XCRemoteSwiftPackageReference "PermissionsSwiftUI" */;
			productName = PermissionsSwiftUIMicrophone;
		};
		6745671C28302A890090E9BB /* PermissionsSwiftUIMotion */ = {
			isa = XCSwiftPackageProductDependency;
			package = 6745670B28302A890090E9BB /* XCRemoteSwiftPackageReference "PermissionsSwiftUI" */;
			productName = PermissionsSwiftUIMotion;
		};
		6745671E28302A890090E9BB /* PermissionsSwiftUIMusic */ = {
			isa = XCSwiftPackageProductDependency;
			package = 6745670B28302A890090E9BB /* XCRemoteSwiftPackageReference "PermissionsSwiftUI" */;
			productName = PermissionsSwiftUIMusic;
		};
		6745672028302A890090E9BB /* PermissionsSwiftUINotification */ = {
			isa = XCSwiftPackageProductDependency;
			package = 6745670B28302A890090E9BB /* XCRemoteSwiftPackageReference "PermissionsSwiftUI" */;
			productName = PermissionsSwiftUINotification;
		};
		6745672228302A890090E9BB /* PermissionsSwiftUIPhoto */ = {
			isa = XCSwiftPackageProductDependency;
			package = 6745670B28302A890090E9BB /* XCRemoteSwiftPackageReference "PermissionsSwiftUI" */;
			productName = PermissionsSwiftUIPhoto;
		};
		6745672428302A890090E9BB /* PermissionsSwiftUIReminder */ = {
			isa = XCSwiftPackageProductDependency;
			package = 6745670B28302A890090E9BB /* XCRemoteSwiftPackageReference "PermissionsSwiftUI" */;
			productName = PermissionsSwiftUIReminder;
		};
		6745672628302A890090E9BB /* PermissionsSwiftUISiri */ = {
			isa = XCSwiftPackageProductDependency;
			package = 6745670B28302A890090E9BB /* XCRemoteSwiftPackageReference "PermissionsSwiftUI" */;
			productName = PermissionsSwiftUISiri;
		};
		6745672828302A890090E9BB /* PermissionsSwiftUISpeech */ = {
			isa = XCSwiftPackageProductDependency;
			package = 6745670B28302A890090E9BB /* XCRemoteSwiftPackageReference "PermissionsSwiftUI" */;
			productName = PermissionsSwiftUISpeech;
		};
		6745672A28302A890090E9BB /* PermissionsSwiftUITracking */ = {
			isa = XCSwiftPackageProductDependency;
			package = 6745670B28302A890090E9BB /* XCRemoteSwiftPackageReference "PermissionsSwiftUI" */;
			productName = PermissionsSwiftUITracking;
		};
		6793A1CC282AE03400052D7C /* Alamofire */ = {
			isa = XCSwiftPackageProductDependency;
			package = 6793A1CB282AE03400052D7C /* XCRemoteSwiftPackageReference "Alamofire" */;
			productName = Alamofire;
		};
		6793A1CF282AE04300052D7C /* Kingfisher */ = {
			isa = XCSwiftPackageProductDependency;
			package = 6793A1CE282AE04300052D7C /* XCRemoteSwiftPackageReference "Kingfisher" */;
			productName = Kingfisher;
		};
		67DE8C36282AD28800747D9D /* LoaderUI */ = {
			isa = XCSwiftPackageProductDependency;
			package = 67DE8C35282AD28800747D9D /* XCRemoteSwiftPackageReference "LoaderUI" */;
			productName = LoaderUI;
		};
/* End XCSwiftPackageProductDependency section */
	};
	rootObject = 67FA7A09281F0A7900B14192 /* Project object */;
}
